<Solution>
  <Folder Name="/BuildingBlocks/" />
  <Project Path="BuildingBlocks/Identity/CashFlow.BuildingBlocks.Identity.csproj" />
  <Folder Name="/Core/" />
  <Folder Name="/Core/src/">
    <Folder Name="/Core/src/Api/Application/" />
    <Folder Name="/Core/src/Api/Domain/" />
    <Folder Name="/Core/src/Api/Infrastructure/" />
    <Project Path="Core/src/Api/Core.Api.csproj" />
  </Folder>
  <Folder Name="/Core/tests/">
    <Project Path="Core/tests/Core.IntegrationTests/Core.IntegrationTests.csproj" />
    <Project Path="Core/tests/Core.UnitTests/Core.UnitTests.csproj" />
  </Folder>
  <Folder Name="/Summary/" />
  <Folder Name="/Summary/src/">
    <Folder Name="/Summary/src/Api/Application/" />
    <Folder Name="/Summary/src/Api/Domain/" />
    <Folder Name="/Summary/src/Api/Infrastructure/" />
    <Project Path="Summary/src/Api/Summary.Api.csproj" />
  </Folder>
  <Folder Name="/Summary/tests/">
    <Project Path="Summary/tests/Summary.IntegrationTests/Summary.IntegrationTests.csproj" />
  </Folder>
  <Folder Name="/tests/">
    <Project Path="tests/ArchitectureTests/ArchitectureTests.csproj" />
  </Folder>
</Solution>
